<?xml version="1.0" encoding="utf-8"?>
<Project ToolsVersion="4.0" xmlns="http://schemas.microsoft.com/developer/msbuild/2003">
  <ItemGroup>
    <Filter Include="Source File">
      <UniqueIdentifier>{4FC737F1-C7A5-4376-A066-2A32D752A2FF}</UniqueIdentifier>
      <Extensions>cpp;c;cc;cxx;c++;cppm;ixx;def;odl;idl;hpj;bat;asm;asmx</Extensions>
    </Filter>
    <Filter Include="Source File\shared">
      <UniqueIdentifier>{dc1fc76b-8c92-4b7f-861a-3d133cd449db}</UniqueIdentifier>
    </Filter>
    <Filter Include="Header File">
      <UniqueIdentifier>{93995380-89BD-4b04-88EB-625FBE52EBFB}</UniqueIdentifier>
      <Extensions>h;hh;hpp;hxx;h++;hm;inl;inc;ipp;xsd</Extensions>
    </Filter>
    <Filter Include="Header File\shared">
      <UniqueIdentifier>{71642955-408a-4ffb-a6b4-9149f6ae5b8e}</UniqueIdentifier>
    </Filter>
    <Filter Include="Resource File">
      <UniqueIdentifier>{67DA6AB6-F800-4c08-8B7A-83BB121AAD01}</UniqueIdentifier>
      <Extensions>rc;ico;cur;bmp;dlg;rc2;rct;bin;rgs;gif;jpg;jpeg;jpe;resx;tiff;tif;png;wav;mfcribbon-ms</Extensions>
    </Filter>
    <Filter Include="Header File\shared\native-ui">
      <UniqueIdentifier>{216872ca-219d-4d0b-b632-ff27745998fa}</UniqueIdentifier>
    </Filter>
    <Filter Include="Source File\shared\native-ui">
      <UniqueIdentifier>{c4b0d348-4a1d-4684-b667-2f94a51add80}</UniqueIdentifier>
    </Filter>
    <Filter Include="Source File\deps">
      <UniqueIdentifier>{72bd0f84-4569-42b3-b9cc-d7aa7ebbdf6a}</UniqueIdentifier>
    </Filter>
    <Filter Include="Source File\deps\spine-cpp-4.0">
      <UniqueIdentifier>{4fe44789-01fa-4e89-a777-0dd694a4ee8a}</UniqueIdentifier>
    </Filter>
  </ItemGroup>
  <ItemGroup>
    <ClInclude Include="..\..\shared-src\dxlib_image_encoder.h">
      <Filter>Header File\shared</Filter>
    </ClInclude>
    <ClInclude Include="..\..\shared-src\dxlib_init.h">
      <Filter>Header File\shared</Filter>
    </ClInclude>
    <ClInclude Include="..\..\shared-src\framework.h">
      <Filter>Header File\shared</Filter>
    </ClInclude>
    <ClInclude Include="..\..\shared-src\main_window.h">
      <Filter>Header File\shared</Filter>
    </ClInclude>
    <ClInclude Include="..\..\shared-src\spine_player_shared.h">
      <Filter>Header File\shared</Filter>
    </ClInclude>
    <ClInclude Include="..\..\shared-src\win_dialogue.h">
      <Filter>Header File\shared</Filter>
    </ClInclude>
    <ClInclude Include="..\..\shared-src\win_filesystem.h">
      <Filter>Header File\shared</Filter>
    </ClInclude>
    <ClInclude Include="..\..\shared-src\win_image.h">
      <Filter>Header File\shared</Filter>
    </ClInclude>
    <ClInclude Include="..\..\shared-src\win_text.h">
      <Filter>Header File\shared</Filter>
    </ClInclude>
    <ClInclude Include="..\..\DxLibSpineCpp\dxlib_spine.h">
      <Filter>Header File</Filter>
    </ClInclude>
    <ClInclude Include="..\..\DxLibSpineCpp\dxlib_spine_player.h">
      <Filter>Header File</Filter>
    </ClInclude>
    <ClInclude Include="..\..\DxLibSpineCpp\spine_loader.h">
      <Filter>Header File</Filter>
    </ClInclude>
    <ClInclude Include="..\..\shared-src\mf_video_encoder.h">
      <Filter>Header File\shared</Filter>
    </ClInclude>
    <ClInclude Include="..\..\shared-src\cpu.h">
      <Filter>Header File\shared</Filter>
    </ClInclude>
    <ClInclude Include="..\..\shared-src\dxlib_recorder.h">
      <Filter>Header File\shared</Filter>
    </ClInclude>
    <ClInclude Include="..\..\shared-src\dxlib_map.h">
      <Filter>Header File\shared</Filter>
    </ClInclude>
    <ClInclude Include="..\..\shared-src\json_minimal.h">
      <Filter>Header File\shared</Filter>
    </ClInclude>
    <ClInclude Include="..\..\shared-src\text_utility.h">
      <Filter>Header File\shared</Filter>
    </ClInclude>
    <ClInclude Include="..\..\shared-src\native-ui\dialogue_controls.h">
      <Filter>Header File\shared\native-ui</Filter>
    </ClInclude>
    <ClInclude Include="..\..\shared-src\native-ui\dialogue_template.h">
      <Filter>Header File\shared\native-ui</Filter>
    </ClInclude>
    <ClInclude Include="..\..\shared-src\native-ui\export_setting_dialogue.h">
      <Filter>Header File\shared\native-ui</Filter>
    </ClInclude>
    <ClInclude Include="..\..\shared-src\native-ui\spine_setting_dialogue.h">
      <Filter>Header File\shared\native-ui</Filter>
    </ClInclude>
    <ClInclude Include="..\..\DxLibSpineCpp\spine_player.h">
      <Filter>Header File</Filter>
    </ClInclude>
    <ClInclude Include="..\..\shared-src\win_clock.h">
      <Filter>Header File\shared</Filter>
    </ClInclude>
    <ClInclude Include="pch.h">
      <Filter>Resource File</Filter>
    </ClInclude>
    <ClInclude Include="..\..\shared-src\native-ui\window_menu.h">
      <Filter>Header File\shared\native-ui</Filter>
    </ClInclude>
    <ClInclude Include="..\..\shared-src\native-ui\spine_tool_dialogue.h">
      <Filter>Header File\shared\native-ui</Filter>
    </ClInclude>
    <ClInclude Include="..\..\shared-src\native-ui\dialogue_layout.h">
      <Filter>Header File\shared\native-ui</Filter>
    </ClInclude>
    <ClInclude Include="..\..\shared-src\native-ui\spine_tool_tabs.h">
      <Filter>Header File\shared\native-ui</Filter>
    </ClInclude>
  </ItemGroup>
  <ItemGroup>
    <ClCompile Include="..\..\shared-src\dxlib_image_encoder.cpp">
      <Filter>Source File\shared</Filter>
    </ClCompile>
    <ClCompile Include="..\..\shared-src\dxlib_init.cpp">
      <Filter>Source File\shared</Filter>
    </ClCompile>
    <ClCompile Include="..\..\shared-src\main.cpp">
      <Filter>Source File\shared</Filter>
    </ClCompile>
    <ClCompile Include="..\..\shared-src\main_window.cpp">
      <Filter>Source File\shared</Filter>
    </ClCompile>
    <ClCompile Include="..\..\shared-src\win_dialogue.cpp">
      <Filter>Source File\shared</Filter>
    </ClCompile>
    <ClCompile Include="..\..\shared-src\win_filesystem.cpp">
      <Filter>Source File\shared</Filter>
    </ClCompile>
    <ClCompile Include="..\..\shared-src\win_image.cpp">
      <Filter>Source File\shared</Filter>
    </ClCompile>
    <ClCompile Include="..\..\shared-src\win_text.cpp">
      <Filter>Source File\shared</Filter>
    </ClCompile>
    <ClCompile Include="..\..\DxLibSpineCpp\dxlib_spine.cpp">
      <Filter>Source File</Filter>
    </ClCompile>
    <ClCompile Include="..\..\DxLibSpineCpp\dxlib_spine_player.cpp">
      <Filter>Source File</Filter>
    </ClCompile>
    <ClCompile Include="..\..\DxLibSpineCpp\spine_loader.cpp">
      <Filter>Source File</Filter>
    </ClCompile>
    <ClCompile Include="..\..\shared-src\mf_video_encoder.cpp">
      <Filter>Source File\shared</Filter>
    </ClCompile>
    <ClCompile Include="..\..\shared-src\cpu.cpp">
      <Filter>Source File\shared</Filter>
    </ClCompile>
    <ClCompile Include="..\..\shared-src\dxlib_recorder.cpp">
      <Filter>Source File\shared</Filter>
    </ClCompile>
    <ClCompile Include="..\..\shared-src\dxlib_map.cpp">
      <Filter>Source File\shared</Filter>
    </ClCompile>
    <ClCompile Include="..\..\shared-src\json_minimal.cpp">
      <Filter>Source File\shared</Filter>
    </ClCompile>
    <ClCompile Include="..\..\shared-src\native-ui\dialogue_controls.cpp">
      <Filter>Source File\shared\native-ui</Filter>
    </ClCompile>
    <ClCompile Include="..\..\shared-src\native-ui\dialogue_template.cpp">
      <Filter>Source File\shared\native-ui</Filter>
    </ClCompile>
    <ClCompile Include="..\..\shared-src\native-ui\export_setting_dialogue.cpp">
      <Filter>Source File\shared\native-ui</Filter>
    </ClCompile>
    <ClCompile Include="..\..\shared-src\native-ui\spine_setting_dialogue.cpp">
      <Filter>Source File\shared\native-ui</Filter>
    </ClCompile>
    <ClCompile Include="..\..\DxLibSpineCpp\spine_player.cpp">
      <Filter>Source File</Filter>
    </ClCompile>
    <ClCompile Include="..\..\shared-src\win_clock.cpp">
      <Filter>Source File\shared</Filter>
    </ClCompile>
    <ClCompile Include="pch.cpp">
      <Filter>Resource File</Filter>
    </ClCompile>
    <ClCompile Include="..\..\shared-src\deps\spine-cpp-4.0\src\spine\Animation.cpp">
      <Filter>Source File\deps\spine-cpp-4.0</Filter>
    </ClCompile>
    <ClCompile Include="..\..\shared-src\deps\spine-cpp-4.0\src\spine\AnimationState.cpp">
      <Filter>Source File\deps\spine-cpp-4.0</Filter>
    </ClCompile>
    <ClCompile Include="..\..\shared-src\deps\spine-cpp-4.0\src\spine\AnimationStateData.cpp">
      <Filter>Source File\deps\spine-cpp-4.0</Filter>
    </ClCompile>
    <ClCompile Include="..\..\shared-src\deps\spine-cpp-4.0\src\spine\Atlas.cpp">
      <Filter>Source File\deps\spine-cpp-4.0</Filter>
    </ClCompile>
    <ClCompile Include="..\..\shared-src\deps\spine-cpp-4.0\src\spine\AtlasAttachmentLoader.cpp">
      <Filter>Source File\deps\spine-cpp-4.0</Filter>
    </ClCompile>
    <ClCompile Include="..\..\shared-src\deps\spine-cpp-4.0\src\spine\Attachment.cpp">
      <Filter>Source File\deps\spine-cpp-4.0</Filter>
    </ClCompile>
    <ClCompile Include="..\..\shared-src\deps\spine-cpp-4.0\src\spine\AttachmentLoader.cpp">
      <Filter>Source File\deps\spine-cpp-4.0</Filter>
    </ClCompile>
    <ClCompile Include="..\..\shared-src\deps\spine-cpp-4.0\src\spine\AttachmentTimeline.cpp">
      <Filter>Source File\deps\spine-cpp-4.0</Filter>
    </ClCompile>
    <ClCompile Include="..\..\shared-src\deps\spine-cpp-4.0\src\spine\Bone.cpp">
      <Filter>Source File\deps\spine-cpp-4.0</Filter>
    </ClCompile>
    <ClCompile Include="..\..\shared-src\deps\spine-cpp-4.0\src\spine\BoneData.cpp">
      <Filter>Source File\deps\spine-cpp-4.0</Filter>
    </ClCompile>
    <ClCompile Include="..\..\shared-src\deps\spine-cpp-4.0\src\spine\BoundingBoxAttachment.cpp">
      <Filter>Source File\deps\spine-cpp-4.0</Filter>
    </ClCompile>
    <ClCompile Include="..\..\shared-src\deps\spine-cpp-4.0\src\spine\ClippingAttachment.cpp">
      <Filter>Source File\deps\spine-cpp-4.0</Filter>
    </ClCompile>
    <ClCompile Include="..\..\shared-src\deps\spine-cpp-4.0\src\spine\ColorTimeline.cpp">
      <Filter>Source File\deps\spine-cpp-4.0</Filter>
    </ClCompile>
    <ClCompile Include="..\..\shared-src\deps\spine-cpp-4.0\src\spine\ConstraintData.cpp">
      <Filter>Source File\deps\spine-cpp-4.0</Filter>
    </ClCompile>
    <ClCompile Include="..\..\shared-src\deps\spine-cpp-4.0\src\spine\CurveTimeline.cpp">
      <Filter>Source File\deps\spine-cpp-4.0</Filter>
    </ClCompile>
    <ClCompile Include="..\..\shared-src\deps\spine-cpp-4.0\src\spine\DeformTimeline.cpp">
      <Filter>Source File\deps\spine-cpp-4.0</Filter>
    </ClCompile>
    <ClCompile Include="..\..\shared-src\deps\spine-cpp-4.0\src\spine\DrawOrderTimeline.cpp">
      <Filter>Source File\deps\spine-cpp-4.0</Filter>
    </ClCompile>
    <ClCompile Include="..\..\shared-src\deps\spine-cpp-4.0\src\spine\Event.cpp">
      <Filter>Source File\deps\spine-cpp-4.0</Filter>
    </ClCompile>
    <ClCompile Include="..\..\shared-src\deps\spine-cpp-4.0\src\spine\EventData.cpp">
      <Filter>Source File\deps\spine-cpp-4.0</Filter>
    </ClCompile>
    <ClCompile Include="..\..\shared-src\deps\spine-cpp-4.0\src\spine\EventTimeline.cpp">
      <Filter>Source File\deps\spine-cpp-4.0</Filter>
    </ClCompile>
    <ClCompile Include="..\..\shared-src\deps\spine-cpp-4.0\src\spine\Extension.cpp">
      <Filter>Source File\deps\spine-cpp-4.0</Filter>
    </ClCompile>
    <ClCompile Include="..\..\shared-src\deps\spine-cpp-4.0\src\spine\IkConstraint.cpp">
      <Filter>Source File\deps\spine-cpp-4.0</Filter>
    </ClCompile>
    <ClCompile Include="..\..\shared-src\deps\spine-cpp-4.0\src\spine\IkConstraintData.cpp">
      <Filter>Source File\deps\spine-cpp-4.0</Filter>
    </ClCompile>
    <ClCompile Include="..\..\shared-src\deps\spine-cpp-4.0\src\spine\IkConstraintTimeline.cpp">
      <Filter>Source File\deps\spine-cpp-4.0</Filter>
    </ClCompile>
    <ClCompile Include="..\..\shared-src\deps\spine-cpp-4.0\src\spine\Json.cpp">
      <Filter>Source File\deps\spine-cpp-4.0</Filter>
    </ClCompile>
    <ClCompile Include="..\..\shared-src\deps\spine-cpp-4.0\src\spine\LinkedMesh.cpp">
      <Filter>Source File\deps\spine-cpp-4.0</Filter>
    </ClCompile>
    <ClCompile Include="..\..\shared-src\deps\spine-cpp-4.0\src\spine\Log.cpp">
      <Filter>Source File\deps\spine-cpp-4.0</Filter>
    </ClCompile>
    <ClCompile Include="..\..\shared-src\deps\spine-cpp-4.0\src\spine\MathUtil.cpp">
      <Filter>Source File\deps\spine-cpp-4.0</Filter>
    </ClCompile>
    <ClCompile Include="..\..\shared-src\deps\spine-cpp-4.0\src\spine\MeshAttachment.cpp">
      <Filter>Source File\deps\spine-cpp-4.0</Filter>
    </ClCompile>
    <ClCompile Include="..\..\shared-src\deps\spine-cpp-4.0\src\spine\PathAttachment.cpp">
      <Filter>Source File\deps\spine-cpp-4.0</Filter>
    </ClCompile>
    <ClCompile Include="..\..\shared-src\deps\spine-cpp-4.0\src\spine\PathConstraint.cpp">
      <Filter>Source File\deps\spine-cpp-4.0</Filter>
    </ClCompile>
    <ClCompile Include="..\..\shared-src\deps\spine-cpp-4.0\src\spine\PathConstraintData.cpp">
      <Filter>Source File\deps\spine-cpp-4.0</Filter>
    </ClCompile>
    <ClCompile Include="..\..\shared-src\deps\spine-cpp-4.0\src\spine\PathConstraintMixTimeline.cpp">
      <Filter>Source File\deps\spine-cpp-4.0</Filter>
    </ClCompile>
    <ClCompile Include="..\..\shared-src\deps\spine-cpp-4.0\src\spine\PathConstraintPositionTimeline.cpp">
      <Filter>Source File\deps\spine-cpp-4.0</Filter>
    </ClCompile>
    <ClCompile Include="..\..\shared-src\deps\spine-cpp-4.0\src\spine\PathConstraintSpacingTimeline.cpp">
      <Filter>Source File\deps\spine-cpp-4.0</Filter>
    </ClCompile>
    <ClCompile Include="..\..\shared-src\deps\spine-cpp-4.0\src\spine\PointAttachment.cpp">
      <Filter>Source File\deps\spine-cpp-4.0</Filter>
    </ClCompile>
    <ClCompile Include="..\..\shared-src\deps\spine-cpp-4.0\src\spine\RegionAttachment.cpp">
      <Filter>Source File\deps\spine-cpp-4.0</Filter>
    </ClCompile>
    <ClCompile Include="..\..\shared-src\deps\spine-cpp-4.0\src\spine\RotateTimeline.cpp">
      <Filter>Source File\deps\spine-cpp-4.0</Filter>
    </ClCompile>
    <ClCompile Include="..\..\shared-src\deps\spine-cpp-4.0\src\spine\RTTI.cpp">
      <Filter>Source File\deps\spine-cpp-4.0</Filter>
    </ClCompile>
    <ClCompile Include="..\..\shared-src\deps\spine-cpp-4.0\src\spine\ScaleTimeline.cpp">
      <Filter>Source File\deps\spine-cpp-4.0</Filter>
    </ClCompile>
    <ClCompile Include="..\..\shared-src\deps\spine-cpp-4.0\src\spine\ShearTimeline.cpp">
      <Filter>Source File\deps\spine-cpp-4.0</Filter>
    </ClCompile>
    <ClCompile Include="..\..\shared-src\deps\spine-cpp-4.0\src\spine\Skeleton.cpp">
      <Filter>Source File\deps\spine-cpp-4.0</Filter>
    </ClCompile>
    <ClCompile Include="..\..\shared-src\deps\spine-cpp-4.0\src\spine\SkeletonBinary.cpp">
      <Filter>Source File\deps\spine-cpp-4.0</Filter>
    </ClCompile>
    <ClCompile Include="..\..\shared-src\deps\spine-cpp-4.0\src\spine\SkeletonBounds.cpp">
      <Filter>Source File\deps\spine-cpp-4.0</Filter>
    </ClCompile>
    <ClCompile Include="..\..\shared-src\deps\spine-cpp-4.0\src\spine\SkeletonClipping.cpp">
      <Filter>Source File\deps\spine-cpp-4.0</Filter>
    </ClCompile>
    <ClCompile Include="..\..\shared-src\deps\spine-cpp-4.0\src\spine\SkeletonData.cpp">
      <Filter>Source File\deps\spine-cpp-4.0</Filter>
    </ClCompile>
    <ClCompile Include="..\..\shared-src\deps\spine-cpp-4.0\src\spine\SkeletonJson.cpp">
      <Filter>Source File\deps\spine-cpp-4.0</Filter>
    </ClCompile>
    <ClCompile Include="..\..\shared-src\deps\spine-cpp-4.0\src\spine\Skin.cpp">
      <Filter>Source File\deps\spine-cpp-4.0</Filter>
    </ClCompile>
    <ClCompile Include="..\..\shared-src\deps\spine-cpp-4.0\src\spine\Slot.cpp">
      <Filter>Source File\deps\spine-cpp-4.0</Filter>
    </ClCompile>
    <ClCompile Include="..\..\shared-src\deps\spine-cpp-4.0\src\spine\SlotData.cpp">
      <Filter>Source File\deps\spine-cpp-4.0</Filter>
    </ClCompile>
    <ClCompile Include="..\..\shared-src\deps\spine-cpp-4.0\src\spine\SpineObject.cpp">
      <Filter>Source File\deps\spine-cpp-4.0</Filter>
    </ClCompile>
    <ClCompile Include="..\..\shared-src\deps\spine-cpp-4.0\src\spine\TextureLoader.cpp">
      <Filter>Source File\deps\spine-cpp-4.0</Filter>
    </ClCompile>
    <ClCompile Include="..\..\shared-src\deps\spine-cpp-4.0\src\spine\Timeline.cpp">
      <Filter>Source File\deps\spine-cpp-4.0</Filter>
    </ClCompile>
    <ClCompile Include="..\..\shared-src\deps\spine-cpp-4.0\src\spine\TransformConstraint.cpp">
      <Filter>Source File\deps\spine-cpp-4.0</Filter>
    </ClCompile>
    <ClCompile Include="..\..\shared-src\deps\spine-cpp-4.0\src\spine\TransformConstraintData.cpp">
      <Filter>Source File\deps\spine-cpp-4.0</Filter>
    </ClCompile>
    <ClCompile Include="..\..\shared-src\deps\spine-cpp-4.0\src\spine\TransformConstraintTimeline.cpp">
      <Filter>Source File\deps\spine-cpp-4.0</Filter>
    </ClCompile>
    <ClCompile Include="..\..\shared-src\deps\spine-cpp-4.0\src\spine\TranslateTimeline.cpp">
      <Filter>Source File\deps\spine-cpp-4.0</Filter>
    </ClCompile>
    <ClCompile Include="..\..\shared-src\deps\spine-cpp-4.0\src\spine\Triangulator.cpp">
      <Filter>Source File\deps\spine-cpp-4.0</Filter>
    </ClCompile>
    <ClCompile Include="..\..\shared-src\deps\spine-cpp-4.0\src\spine\Updatable.cpp">
      <Filter>Source File\deps\spine-cpp-4.0</Filter>
    </ClCompile>
    <ClCompile Include="..\..\shared-src\deps\spine-cpp-4.0\src\spine\VertexAttachment.cpp">
      <Filter>Source File\deps\spine-cpp-4.0</Filter>
    </ClCompile>
    <ClCompile Include="..\..\shared-src\deps\spine-cpp-4.0\src\spine\VertexEffect.cpp">
      <Filter>Source File\deps\spine-cpp-4.0</Filter>
    </ClCompile>
    <ClCompile Include="..\..\shared-src\native-ui\window_menu.cpp">
      <Filter>Source File\shared\native-ui</Filter>
    </ClCompile>
    <ClCompile Include="..\..\shared-src\native-ui\spine_tool_dialogue.cpp">
      <Filter>Source File\shared\native-ui</Filter>
    </ClCompile>
    <ClCompile Include="..\..\shared-src\native-ui\spine_tool_tabs.cpp">
      <Filter>Source File\shared\native-ui</Filter>
    </ClCompile>
  </ItemGroup>
  <ItemGroup>
    <Manifest Include="..\dpiAwareness.manifest">
      <Filter>Resource File</Filter>
    </Manifest>
  </ItemGroup>
</Project>