<?xml version="1.0" encoding="utf-8"?>
<Project ToolsVersion="4.0" xmlns="http://schemas.microsoft.com/developer/msbuild/2003">
  <ItemGroup>
    <Filter Include="Source File">
      <UniqueIdentifier>{4FC737F1-C7A5-4376-A066-2A32D752A2FF}</UniqueIdentifier>
      <Extensions>cpp;c;cc;cxx;c++;cppm;ixx;def;odl;idl;hpj;bat;asm;asmx</Extensions>
    </Filter>
    <Filter Include="Source File\shared">
      <UniqueIdentifier>{fe54d00c-357e-4139-84ec-5ee82f06e6dd}</UniqueIdentifier>
    </Filter>
    <Filter Include="Header File">
      <UniqueIdentifier>{93995380-89BD-4b04-88EB-625FBE52EBFB}</UniqueIdentifier>
      <Extensions>h;hh;hpp;hxx;h++;hm;inl;inc;ipp;xsd</Extensions>
    </Filter>
    <Filter Include="Header File\shared">
      <UniqueIdentifier>{e556c60e-0766-4b16-9fe6-16a1dff959c6}</UniqueIdentifier>
    </Filter>
    <Filter Include="Resource File">
      <UniqueIdentifier>{67DA6AB6-F800-4c08-8B7A-83BB121AAD01}</UniqueIdentifier>
      <Extensions>rc;ico;cur;bmp;dlg;rc2;rct;bin;rgs;gif;jpg;jpeg;jpe;resx;tiff;tif;png;wav;mfcribbon-ms</Extensions>
    </Filter>
    <Filter Include="Header File\shared\native-ui">
      <UniqueIdentifier>{3943f80a-667a-408e-a137-01df699bb9d2}</UniqueIdentifier>
    </Filter>
    <Filter Include="Source File\shared\native-ui">
      <UniqueIdentifier>{48fbe3df-e5bd-4d26-8596-2852ef721182}</UniqueIdentifier>
    </Filter>
    <Filter Include="Source File\deps">
      <UniqueIdentifier>{454d99c0-add0-47e6-b2de-dfed649dc69a}</UniqueIdentifier>
    </Filter>
    <Filter Include="Source File\deps\spine-c-3.5">
      <UniqueIdentifier>{5ec98e8f-5f8a-4dba-a4e6-88dbd8f5a156}</UniqueIdentifier>
    </Filter>
    <Filter Include="Source File\deps\imgui">
      <UniqueIdentifier>{80bfbdb6-1500-48d9-b20b-a5efec88fc42}</UniqueIdentifier>
    </Filter>
    <Filter Include="Source File\deps\imgui\backends">
      <UniqueIdentifier>{6e5b7d72-d2b0-41c7-acce-b70a3262121b}</UniqueIdentifier>
    </Filter>
    <Filter Include="Source File\shared\dxlib-imgui">
      <UniqueIdentifier>{58e1c001-cdf7-4a78-aa0c-7b4dd97afd7b}</UniqueIdentifier>
    </Filter>
    <Filter Include="Header File\shared\dxlib-imgui">
      <UniqueIdentifier>{97a35ec7-9c77-4ceb-9183-594a3a56d24b}</UniqueIdentifier>
    </Filter>
  </ItemGroup>
  <ItemGroup>
    <ClInclude Include="..\..\shared-src\dxlib_image_encoder.h">
      <Filter>Header File\shared</Filter>
    </ClInclude>
    <ClInclude Include="..\..\shared-src\dxlib_init.h">
      <Filter>Header File\shared</Filter>
    </ClInclude>
    <ClInclude Include="..\..\shared-src\framework.h">
      <Filter>Header File\shared</Filter>
    </ClInclude>
    <ClInclude Include="..\..\shared-src\main_window.h">
      <Filter>Header File\shared</Filter>
    </ClInclude>
    <ClInclude Include="..\..\shared-src\spine_player_shared.h">
      <Filter>Header File\shared</Filter>
    </ClInclude>
    <ClInclude Include="..\..\shared-src\win_dialogue.h">
      <Filter>Header File\shared</Filter>
    </ClInclude>
    <ClInclude Include="..\..\shared-src\win_filesystem.h">
      <Filter>Header File\shared</Filter>
    </ClInclude>
    <ClInclude Include="..\..\shared-src\win_image.h">
      <Filter>Header File\shared</Filter>
    </ClInclude>
    <ClInclude Include="..\..\shared-src\win_text.h">
      <Filter>Header File\shared</Filter>
    </ClInclude>
    <ClInclude Include="..\..\DxLibSpineC\spine_loader_c.h">
      <Filter>Header File</Filter>
    </ClInclude>
    <ClInclude Include="..\..\DxLibSpineC\dxlib_spine_player_c.h">
      <Filter>Header File</Filter>
    </ClInclude>
    <ClInclude Include="..\..\DxLibSpineC\dxlib_spine_c.h">
      <Filter>Header File</Filter>
    </ClInclude>
    <ClInclude Include="..\..\shared-src\mf_video_encoder.h">
      <Filter>Header File\shared</Filter>
    </ClInclude>
    <ClInclude Include="..\..\shared-src\cpu.h">
      <Filter>Header File\shared</Filter>
    </ClInclude>
    <ClInclude Include="..\..\shared-src\dxlib_recorder.h">
      <Filter>Header File\shared</Filter>
    </ClInclude>
    <ClInclude Include="..\..\shared-src\dxlib_map.h">
      <Filter>Header File\shared</Filter>
    </ClInclude>
    <ClInclude Include="..\..\shared-src\json_minimal.h">
      <Filter>Header File\shared</Filter>
    </ClInclude>
    <ClInclude Include="..\..\shared-src\text_utility.h">
      <Filter>Header File\shared</Filter>
    </ClInclude>
    <ClInclude Include="..\..\shared-src\native-ui\dialogue_controls.h">
      <Filter>Header File\shared\native-ui</Filter>
    </ClInclude>
    <ClInclude Include="..\..\shared-src\native-ui\dialogue_template.h">
      <Filter>Header File\shared\native-ui</Filter>
    </ClInclude>
    <ClInclude Include="..\..\shared-src\native-ui\spine_setting_dialogue.h">
      <Filter>Header File\shared\native-ui</Filter>
    </ClInclude>
    <ClInclude Include="..\..\DxLibSpineC\spine_player_c.h">
      <Filter>Header File</Filter>
    </ClInclude>
    <ClInclude Include="..\..\shared-src\win_clock.h">
      <Filter>Header File\shared</Filter>
    </ClInclude>
    <ClInclude Include="pch.h">
      <Filter>Resource File</Filter>
    </ClInclude>
    <ClInclude Include="..\..\shared-src\deps\spine-c-3.5\src\spine\Json.h">
      <Filter>Source File\deps\spine-c-3.5</Filter>
    </ClInclude>
    <ClInclude Include="..\..\shared-src\deps\spine-c-3.5\src\spine\kvec.h">
      <Filter>Source File\deps\spine-c-3.5</Filter>
    </ClInclude>
    <ClInclude Include="..\..\shared-src\dxlib-imgui\dxlib_imgui.h">
      <Filter>Header File\shared\dxlib-imgui</Filter>
    </ClInclude>
    <ClInclude Include="..\..\shared-src\dxlib-imgui\spine_tool_dialogue.h">
      <Filter>Header File\shared\dxlib-imgui</Filter>
    </ClInclude>
    <ClInclude Include="..\..\shared-src\native-ui\font_setting_dialogue.h">
      <Filter>Header File\shared\native-ui</Filter>
    </ClInclude>
    <ClInclude Include="..\..\shared-src\win_font.h">
      <Filter>Header File\shared</Filter>
    </ClInclude>
    <ClInclude Include="..\..\shared-src\native-ui\window_menu.h">
      <Filter>Header File\shared\native-ui</Filter>
    </ClInclude>
  </ItemGroup>
  <ItemGroup>
    <ClCompile Include="..\..\shared-src\dxlib_image_encoder.cpp">
      <Filter>Source File\shared</Filter>
    </ClCompile>
    <ClCompile Include="..\..\shared-src\dxlib_init.cpp">
      <Filter>Source File\shared</Filter>
    </ClCompile>
    <ClCompile Include="..\..\shared-src\main.cpp">
      <Filter>Source File\shared</Filter>
    </ClCompile>
    <ClCompile Include="..\..\shared-src\main_window.cpp">
      <Filter>Source File\shared</Filter>
    </ClCompile>
    <ClCompile Include="..\..\shared-src\win_dialogue.cpp">
      <Filter>Source File\shared</Filter>
    </ClCompile>
    <ClCompile Include="..\..\shared-src\win_filesystem.cpp">
      <Filter>Source File\shared</Filter>
    </ClCompile>
    <ClCompile Include="..\..\shared-src\win_image.cpp">
      <Filter>Source File\shared</Filter>
    </ClCompile>
    <ClCompile Include="..\..\shared-src\win_text.cpp">
      <Filter>Source File\shared</Filter>
    </ClCompile>
    <ClCompile Include="..\..\DxLibSpineC\spine_loader_c.cpp">
      <Filter>Source File</Filter>
    </ClCompile>
    <ClCompile Include="..\..\DxLibSpineC\dxlib_spine_player_c.cpp">
      <Filter>Source File</Filter>
    </ClCompile>
    <ClCompile Include="..\..\DxLibSpineC\dxlib_spine_c.cpp">
      <Filter>Source File</Filter>
    </ClCompile>
    <ClCompile Include="..\..\shared-src\mf_video_encoder.cpp">
      <Filter>Source File\shared</Filter>
    </ClCompile>
    <ClCompile Include="..\..\shared-src\cpu.cpp">
      <Filter>Source File\shared</Filter>
    </ClCompile>
    <ClCompile Include="..\..\shared-src\dxlib_recorder.cpp">
      <Filter>Source File\shared</Filter>
    </ClCompile>
    <ClCompile Include="..\..\shared-src\dxlib_map.cpp">
      <Filter>Source File\shared</Filter>
    </ClCompile>
    <ClCompile Include="..\..\shared-src\json_minimal.cpp">
      <Filter>Source File\shared</Filter>
    </ClCompile>
    <ClCompile Include="..\..\shared-src\native-ui\dialogue_controls.cpp">
      <Filter>Source File\shared\native-ui</Filter>
    </ClCompile>
    <ClCompile Include="..\..\shared-src\native-ui\dialogue_template.cpp">
      <Filter>Source File\shared\native-ui</Filter>
    </ClCompile>
    <ClCompile Include="..\..\shared-src\native-ui\spine_setting_dialogue.cpp">
      <Filter>Source File\shared\native-ui</Filter>
    </ClCompile>
    <ClCompile Include="..\..\DxLibSpineC\spine_player_c.cpp">
      <Filter>Source File</Filter>
    </ClCompile>
    <ClCompile Include="..\..\shared-src\win_clock.cpp">
      <Filter>Source File\shared</Filter>
    </ClCompile>
    <ClCompile Include="pch.cpp">
      <Filter>Resource File</Filter>
    </ClCompile>
    <ClCompile Include="..\..\shared-src\deps\spine-c-3.5\src\spine\Animation.c">
      <Filter>Source File\deps\spine-c-3.5</Filter>
    </ClCompile>
    <ClCompile Include="..\..\shared-src\deps\spine-c-3.5\src\spine\AnimationState.c">
      <Filter>Source File\deps\spine-c-3.5</Filter>
    </ClCompile>
    <ClCompile Include="..\..\shared-src\deps\spine-c-3.5\src\spine\AnimationStateData.c">
      <Filter>Source File\deps\spine-c-3.5</Filter>
    </ClCompile>
    <ClCompile Include="..\..\shared-src\deps\spine-c-3.5\src\spine\Array.c">
      <Filter>Source File\deps\spine-c-3.5</Filter>
    </ClCompile>
    <ClCompile Include="..\..\shared-src\deps\spine-c-3.5\src\spine\Atlas.c">
      <Filter>Source File\deps\spine-c-3.5</Filter>
    </ClCompile>
    <ClCompile Include="..\..\shared-src\deps\spine-c-3.5\src\spine\AtlasAttachmentLoader.c">
      <Filter>Source File\deps\spine-c-3.5</Filter>
    </ClCompile>
    <ClCompile Include="..\..\shared-src\deps\spine-c-3.5\src\spine\Attachment.c">
      <Filter>Source File\deps\spine-c-3.5</Filter>
    </ClCompile>
    <ClCompile Include="..\..\shared-src\deps\spine-c-3.5\src\spine\AttachmentLoader.c">
      <Filter>Source File\deps\spine-c-3.5</Filter>
    </ClCompile>
    <ClCompile Include="..\..\shared-src\deps\spine-c-3.5\src\spine\Bone.c">
      <Filter>Source File\deps\spine-c-3.5</Filter>
    </ClCompile>
    <ClCompile Include="..\..\shared-src\deps\spine-c-3.5\src\spine\BoneData.c">
      <Filter>Source File\deps\spine-c-3.5</Filter>
    </ClCompile>
    <ClCompile Include="..\..\shared-src\deps\spine-c-3.5\src\spine\BoundingBoxAttachment.c">
      <Filter>Source File\deps\spine-c-3.5</Filter>
    </ClCompile>
    <ClCompile Include="..\..\shared-src\deps\spine-c-3.5\src\spine\ClippingAttachment.c">
      <Filter>Source File\deps\spine-c-3.5</Filter>
    </ClCompile>
    <ClCompile Include="..\..\shared-src\deps\spine-c-3.5\src\spine\Color.c">
      <Filter>Source File\deps\spine-c-3.5</Filter>
    </ClCompile>
    <ClCompile Include="..\..\shared-src\deps\spine-c-3.5\src\spine\Event.c">
      <Filter>Source File\deps\spine-c-3.5</Filter>
    </ClCompile>
    <ClCompile Include="..\..\shared-src\deps\spine-c-3.5\src\spine\EventData.c">
      <Filter>Source File\deps\spine-c-3.5</Filter>
    </ClCompile>
    <ClCompile Include="..\..\shared-src\deps\spine-c-3.5\src\spine\extension.c">
      <Filter>Source File\deps\spine-c-3.5</Filter>
    </ClCompile>
    <ClCompile Include="..\..\shared-src\deps\spine-c-3.5\src\spine\IkConstraint.c">
      <Filter>Source File\deps\spine-c-3.5</Filter>
    </ClCompile>
    <ClCompile Include="..\..\shared-src\deps\spine-c-3.5\src\spine\IkConstraintData.c">
      <Filter>Source File\deps\spine-c-3.5</Filter>
    </ClCompile>
    <ClCompile Include="..\..\shared-src\deps\spine-c-3.5\src\spine\Json.c">
      <Filter>Source File\deps\spine-c-3.5</Filter>
    </ClCompile>
    <ClCompile Include="..\..\shared-src\deps\spine-c-3.5\src\spine\MeshAttachment.c">
      <Filter>Source File\deps\spine-c-3.5</Filter>
    </ClCompile>
    <ClCompile Include="..\..\shared-src\deps\spine-c-3.5\src\spine\PathAttachment.c">
      <Filter>Source File\deps\spine-c-3.5</Filter>
    </ClCompile>
    <ClCompile Include="..\..\shared-src\deps\spine-c-3.5\src\spine\PathConstraint.c">
      <Filter>Source File\deps\spine-c-3.5</Filter>
    </ClCompile>
    <ClCompile Include="..\..\shared-src\deps\spine-c-3.5\src\spine\PathConstraintData.c">
      <Filter>Source File\deps\spine-c-3.5</Filter>
    </ClCompile>
    <ClCompile Include="..\..\shared-src\deps\spine-c-3.5\src\spine\PointAttachment.c">
      <Filter>Source File\deps\spine-c-3.5</Filter>
    </ClCompile>
    <ClCompile Include="..\..\shared-src\deps\spine-c-3.5\src\spine\RegionAttachment.c">
      <Filter>Source File\deps\spine-c-3.5</Filter>
    </ClCompile>
    <ClCompile Include="..\..\shared-src\deps\spine-c-3.5\src\spine\Skeleton.c">
      <Filter>Source File\deps\spine-c-3.5</Filter>
    </ClCompile>
    <ClCompile Include="..\..\shared-src\deps\spine-c-3.5\src\spine\SkeletonBinary.c">
      <Filter>Source File\deps\spine-c-3.5</Filter>
    </ClCompile>
    <ClCompile Include="..\..\shared-src\deps\spine-c-3.5\src\spine\SkeletonBounds.c">
      <Filter>Source File\deps\spine-c-3.5</Filter>
    </ClCompile>
    <ClCompile Include="..\..\shared-src\deps\spine-c-3.5\src\spine\SkeletonClipping.c">
      <Filter>Source File\deps\spine-c-3.5</Filter>
    </ClCompile>
    <ClCompile Include="..\..\shared-src\deps\spine-c-3.5\src\spine\SkeletonData.c">
      <Filter>Source File\deps\spine-c-3.5</Filter>
    </ClCompile>
    <ClCompile Include="..\..\shared-src\deps\spine-c-3.5\src\spine\SkeletonJson.c">
      <Filter>Source File\deps\spine-c-3.5</Filter>
    </ClCompile>
    <ClCompile Include="..\..\shared-src\deps\spine-c-3.5\src\spine\Skin.c">
      <Filter>Source File\deps\spine-c-3.5</Filter>
    </ClCompile>
    <ClCompile Include="..\..\shared-src\deps\spine-c-3.5\src\spine\Slot.c">
      <Filter>Source File\deps\spine-c-3.5</Filter>
    </ClCompile>
    <ClCompile Include="..\..\shared-src\deps\spine-c-3.5\src\spine\SlotData.c">
      <Filter>Source File\deps\spine-c-3.5</Filter>
    </ClCompile>
    <ClCompile Include="..\..\shared-src\deps\spine-c-3.5\src\spine\TransformConstraint.c">
      <Filter>Source File\deps\spine-c-3.5</Filter>
    </ClCompile>
    <ClCompile Include="..\..\shared-src\deps\spine-c-3.5\src\spine\TransformConstraintData.c">
      <Filter>Source File\deps\spine-c-3.5</Filter>
    </ClCompile>
    <ClCompile Include="..\..\shared-src\deps\spine-c-3.5\src\spine\Triangulator.c">
      <Filter>Source File\deps\spine-c-3.5</Filter>
    </ClCompile>
    <ClCompile Include="..\..\shared-src\deps\spine-c-3.5\src\spine\VertexAttachment.c">
      <Filter>Source File\deps\spine-c-3.5</Filter>
    </ClCompile>
    <ClCompile Include="..\..\shared-src\deps\imgui-docking\imgui.cpp">
      <Filter>Source File\deps\imgui</Filter>
    </ClCompile>
    <ClCompile Include="..\..\shared-src\deps\imgui-docking\imgui_demo.cpp">
      <Filter>Source File\deps\imgui</Filter>
    </ClCompile>
    <ClCompile Include="..\..\shared-src\deps\imgui-docking\imgui_draw.cpp">
      <Filter>Source File\deps\imgui</Filter>
    </ClCompile>
    <ClCompile Include="..\..\shared-src\deps\imgui-docking\imgui_tables.cpp">
      <Filter>Source File\deps\imgui</Filter>
    </ClCompile>
    <ClCompile Include="..\..\shared-src\deps\imgui-docking\imgui_widgets.cpp">
      <Filter>Source File\deps\imgui</Filter>
    </ClCompile>
    <ClCompile Include="..\..\shared-src\deps\imgui-docking\backends\imgui_impl_dx11.cpp">
      <Filter>Source File\deps\imgui\backends</Filter>
    </ClCompile>
    <ClCompile Include="..\..\shared-src\deps\imgui-docking\backends\imgui_impl_dx9.cpp">
      <Filter>Source File\deps\imgui\backends</Filter>
    </ClCompile>
    <ClCompile Include="..\..\shared-src\deps\imgui-docking\backends\imgui_impl_win32.cpp">
      <Filter>Source File\deps\imgui\backends</Filter>
    </ClCompile>
    <ClCompile Include="..\..\shared-src\dxlib-imgui\dxlib_imgui.cpp">
      <Filter>Source File\shared\dxlib-imgui</Filter>
    </ClCompile>
    <ClCompile Include="..\..\shared-src\dxlib-imgui\spine_tool_dialogue.cpp">
      <Filter>Source File\shared\dxlib-imgui</Filter>
    </ClCompile>
    <ClCompile Include="..\..\shared-src\native-ui\font_setting_dialogue.cpp">
      <Filter>Source File\shared\native-ui</Filter>
    </ClCompile>
    <ClCompile Include="..\..\shared-src\win_font.cpp">
      <Filter>Source File\shared</Filter>
    </ClCompile>
    <ClCompile Include="..\..\shared-src\native-ui\window_menu.cpp">
      <Filter>Source File\shared\native-ui</Filter>
    </ClCompile>
  </ItemGroup>
  <ItemGroup>
    <Manifest Include="..\dpiAwareness.manifest">
      <Filter>Resource File</Filter>
    </Manifest>
  </ItemGroup>
</Project>