<?xml version="1.0" encoding="utf-8"?>
<Project ToolsVersion="4.0" xmlns="http://schemas.microsoft.com/developer/msbuild/2003">
  <ItemGroup>
    <Filter Include="Source File">
      <UniqueIdentifier>{4FC737F1-C7A5-4376-A066-2A32D752A2FF}</UniqueIdentifier>
      <Extensions>cpp;c;cc;cxx;c++;cppm;ixx;def;odl;idl;hpj;bat;asm;asmx</Extensions>
    </Filter>
    <Filter Include="Source File\shared">
      <UniqueIdentifier>{5ad72e2f-07fd-42f2-9845-b80dd696f527}</UniqueIdentifier>
    </Filter>
    <Filter Include="Header File">
      <UniqueIdentifier>{93995380-89BD-4b04-88EB-625FBE52EBFB}</UniqueIdentifier>
      <Extensions>h;hh;hpp;hxx;h++;hm;inl;inc;ipp;xsd</Extensions>
    </Filter>
    <Filter Include="Header File\shared">
      <UniqueIdentifier>{241cf396-5a26-4246-b72b-31a116655e3f}</UniqueIdentifier>
    </Filter>
    <Filter Include="Resource File">
      <UniqueIdentifier>{67DA6AB6-F800-4c08-8B7A-83BB121AAD01}</UniqueIdentifier>
      <Extensions>rc;ico;cur;bmp;dlg;rc2;rct;bin;rgs;gif;jpg;jpeg;jpe;resx;tiff;tif;png;wav;mfcribbon-ms</Extensions>
    </Filter>
    <Filter Include="Header File\shared\native-ui">
      <UniqueIdentifier>{e0899872-3fb3-4cd9-8e17-6a78ffabe927}</UniqueIdentifier>
    </Filter>
    <Filter Include="Source File\shared\native-ui">
      <UniqueIdentifier>{4be4f8f2-0544-4311-9d59-049c5d9c363c}</UniqueIdentifier>
    </Filter>
    <Filter Include="Source File\deps">
      <UniqueIdentifier>{2bc81de9-40d3-469f-9c9f-7ede8898bf42}</UniqueIdentifier>
    </Filter>
    <Filter Include="Source File\deps\spine-c-3.6">
      <UniqueIdentifier>{5cc4dd2d-2a88-461c-b1dd-95e21257d1db}</UniqueIdentifier>
    </Filter>
  </ItemGroup>
  <ItemGroup>
    <ClInclude Include="..\..\shared-src\dxlib_image_encoder.h">
      <Filter>Header File\shared</Filter>
    </ClInclude>
    <ClInclude Include="..\..\shared-src\dxlib_init.h">
      <Filter>Header File\shared</Filter>
    </ClInclude>
    <ClInclude Include="..\..\shared-src\framework.h">
      <Filter>Header File\shared</Filter>
    </ClInclude>
    <ClInclude Include="..\..\shared-src\main_window.h">
      <Filter>Header File\shared</Filter>
    </ClInclude>
    <ClInclude Include="..\..\shared-src\spine_player_shared.h">
      <Filter>Header File\shared</Filter>
    </ClInclude>
    <ClInclude Include="..\..\shared-src\win_dialogue.h">
      <Filter>Header File\shared</Filter>
    </ClInclude>
    <ClInclude Include="..\..\shared-src\win_filesystem.h">
      <Filter>Header File\shared</Filter>
    </ClInclude>
    <ClInclude Include="..\..\shared-src\win_image.h">
      <Filter>Header File\shared</Filter>
    </ClInclude>
    <ClInclude Include="..\..\shared-src\win_text.h">
      <Filter>Header File\shared</Filter>
    </ClInclude>
    <ClInclude Include="..\..\DxLibSpineC\dxlib_spine_c.h">
      <Filter>Header File</Filter>
    </ClInclude>
    <ClInclude Include="..\..\DxLibSpineC\dxlib_spine_player_c.h">
      <Filter>Header File</Filter>
    </ClInclude>
    <ClInclude Include="..\..\DxLibSpineC\spine_loader_c.h">
      <Filter>Header File</Filter>
    </ClInclude>
    <ClInclude Include="..\..\shared-src\mf_video_encoder.h">
      <Filter>Header File\shared</Filter>
    </ClInclude>
    <ClInclude Include="..\..\shared-src\cpu.h">
      <Filter>Header File\shared</Filter>
    </ClInclude>
    <ClInclude Include="..\..\shared-src\dxlib_recorder.h">
      <Filter>Header File\shared</Filter>
    </ClInclude>
    <ClInclude Include="..\..\shared-src\dxlib_map.h">
      <Filter>Header File\shared</Filter>
    </ClInclude>
    <ClInclude Include="..\..\shared-src\json_minimal.h">
      <Filter>Header File\shared</Filter>
    </ClInclude>
    <ClInclude Include="..\..\shared-src\text_utility.h">
      <Filter>Header File\shared</Filter>
    </ClInclude>
    <ClInclude Include="..\..\shared-src\native-ui\dialogue_controls.h">
      <Filter>Header File\shared\native-ui</Filter>
    </ClInclude>
    <ClInclude Include="..\..\shared-src\native-ui\dialogue_template.h">
      <Filter>Header File\shared\native-ui</Filter>
    </ClInclude>
    <ClInclude Include="..\..\shared-src\native-ui\export_setting_dialogue.h">
      <Filter>Header File\shared\native-ui</Filter>
    </ClInclude>
    <ClInclude Include="..\..\shared-src\native-ui\spine_atlas_dialogue.h">
      <Filter>Header File\shared\native-ui</Filter>
    </ClInclude>
    <ClInclude Include="..\..\shared-src\native-ui\spine_manipulator_dialogue.h">
      <Filter>Header File\shared\native-ui</Filter>
    </ClInclude>
    <ClInclude Include="..\..\shared-src\native-ui\spine_setting_dialogue.h">
      <Filter>Header File\shared\native-ui</Filter>
    </ClInclude>
    <ClInclude Include="..\..\DxLibSpineC\spine_player_c.h">
      <Filter>Header File</Filter>
    </ClInclude>
    <ClInclude Include="..\..\shared-src\win_clock.h">
      <Filter>Header File\shared</Filter>
    </ClInclude>
    <ClInclude Include="pch.h">
      <Filter>Resource File</Filter>
    </ClInclude>
    <ClInclude Include="..\..\shared-src\deps\spine-c-3.6\src\spine\Json.h">
      <Filter>Source File\deps\spine-c-3.6</Filter>
    </ClInclude>
    <ClInclude Include="..\..\shared-src\deps\spine-c-3.6\src\spine\kvec.h">
      <Filter>Source File\deps\spine-c-3.6</Filter>
    </ClInclude>
    <ClInclude Include="..\..\shared-src\native-ui\window_menu.h">
      <Filter>Header File\shared\native-ui</Filter>
    </ClInclude>
  </ItemGroup>
  <ItemGroup>
    <ClCompile Include="..\..\shared-src\dxlib_image_encoder.cpp">
      <Filter>Source File\shared</Filter>
    </ClCompile>
    <ClCompile Include="..\..\shared-src\dxlib_init.cpp">
      <Filter>Source File\shared</Filter>
    </ClCompile>
    <ClCompile Include="..\..\shared-src\main.cpp">
      <Filter>Source File\shared</Filter>
    </ClCompile>
    <ClCompile Include="..\..\shared-src\main_window.cpp">
      <Filter>Source File\shared</Filter>
    </ClCompile>
    <ClCompile Include="..\..\shared-src\win_dialogue.cpp">
      <Filter>Source File\shared</Filter>
    </ClCompile>
    <ClCompile Include="..\..\shared-src\win_filesystem.cpp">
      <Filter>Source File\shared</Filter>
    </ClCompile>
    <ClCompile Include="..\..\shared-src\win_image.cpp">
      <Filter>Source File\shared</Filter>
    </ClCompile>
    <ClCompile Include="..\..\shared-src\win_text.cpp">
      <Filter>Source File\shared</Filter>
    </ClCompile>
    <ClCompile Include="..\..\DxLibSpineC\dxlib_spine_c.cpp">
      <Filter>Source File</Filter>
    </ClCompile>
    <ClCompile Include="..\..\DxLibSpineC\dxlib_spine_player_c.cpp">
      <Filter>Source File</Filter>
    </ClCompile>
    <ClCompile Include="..\..\DxLibSpineC\spine_loader_c.cpp">
      <Filter>Source File</Filter>
    </ClCompile>
    <ClCompile Include="..\..\shared-src\mf_video_encoder.cpp">
      <Filter>Source File\shared</Filter>
    </ClCompile>
    <ClCompile Include="..\..\shared-src\cpu.cpp">
      <Filter>Source File\shared</Filter>
    </ClCompile>
    <ClCompile Include="..\..\shared-src\dxlib_recorder.cpp">
      <Filter>Source File\shared</Filter>
    </ClCompile>
    <ClCompile Include="..\..\shared-src\dxlib_map.cpp">
      <Filter>Source File\shared</Filter>
    </ClCompile>
    <ClCompile Include="..\..\shared-src\json_minimal.cpp">
      <Filter>Source File\shared</Filter>
    </ClCompile>
    <ClCompile Include="..\..\shared-src\native-ui\dialogue_controls.cpp">
      <Filter>Source File\shared\native-ui</Filter>
    </ClCompile>
    <ClCompile Include="..\..\shared-src\native-ui\dialogue_template.cpp">
      <Filter>Source File\shared\native-ui</Filter>
    </ClCompile>
    <ClCompile Include="..\..\shared-src\native-ui\export_setting_dialogue.cpp">
      <Filter>Source File\shared\native-ui</Filter>
    </ClCompile>
    <ClCompile Include="..\..\shared-src\native-ui\spine_atlas_dialogue.cpp">
      <Filter>Source File\shared\native-ui</Filter>
    </ClCompile>
    <ClCompile Include="..\..\shared-src\native-ui\spine_manipulator_dialogue.cpp">
      <Filter>Source File\shared\native-ui</Filter>
    </ClCompile>
    <ClCompile Include="..\..\shared-src\native-ui\spine_setting_dialogue.cpp">
      <Filter>Source File\shared\native-ui</Filter>
    </ClCompile>
    <ClCompile Include="..\..\DxLibSpineC\spine_player_c.cpp">
      <Filter>Source File</Filter>
    </ClCompile>
    <ClCompile Include="..\..\shared-src\win_clock.cpp">
      <Filter>Source File\shared</Filter>
    </ClCompile>
    <ClCompile Include="pch.cpp">
      <Filter>Resource File</Filter>
    </ClCompile>
    <ClCompile Include="..\..\shared-src\deps\spine-c-3.6\src\spine\Animation.c">
      <Filter>Source File\deps\spine-c-3.6</Filter>
    </ClCompile>
    <ClCompile Include="..\..\shared-src\deps\spine-c-3.6\src\spine\AnimationState.c">
      <Filter>Source File\deps\spine-c-3.6</Filter>
    </ClCompile>
    <ClCompile Include="..\..\shared-src\deps\spine-c-3.6\src\spine\AnimationStateData.c">
      <Filter>Source File\deps\spine-c-3.6</Filter>
    </ClCompile>
    <ClCompile Include="..\..\shared-src\deps\spine-c-3.6\src\spine\Array.c">
      <Filter>Source File\deps\spine-c-3.6</Filter>
    </ClCompile>
    <ClCompile Include="..\..\shared-src\deps\spine-c-3.6\src\spine\Atlas.c">
      <Filter>Source File\deps\spine-c-3.6</Filter>
    </ClCompile>
    <ClCompile Include="..\..\shared-src\deps\spine-c-3.6\src\spine\AtlasAttachmentLoader.c">
      <Filter>Source File\deps\spine-c-3.6</Filter>
    </ClCompile>
    <ClCompile Include="..\..\shared-src\deps\spine-c-3.6\src\spine\Attachment.c">
      <Filter>Source File\deps\spine-c-3.6</Filter>
    </ClCompile>
    <ClCompile Include="..\..\shared-src\deps\spine-c-3.6\src\spine\AttachmentLoader.c">
      <Filter>Source File\deps\spine-c-3.6</Filter>
    </ClCompile>
    <ClCompile Include="..\..\shared-src\deps\spine-c-3.6\src\spine\Bone.c">
      <Filter>Source File\deps\spine-c-3.6</Filter>
    </ClCompile>
    <ClCompile Include="..\..\shared-src\deps\spine-c-3.6\src\spine\BoneData.c">
      <Filter>Source File\deps\spine-c-3.6</Filter>
    </ClCompile>
    <ClCompile Include="..\..\shared-src\deps\spine-c-3.6\src\spine\BoundingBoxAttachment.c">
      <Filter>Source File\deps\spine-c-3.6</Filter>
    </ClCompile>
    <ClCompile Include="..\..\shared-src\deps\spine-c-3.6\src\spine\ClippingAttachment.c">
      <Filter>Source File\deps\spine-c-3.6</Filter>
    </ClCompile>
    <ClCompile Include="..\..\shared-src\deps\spine-c-3.6\src\spine\Color.c">
      <Filter>Source File\deps\spine-c-3.6</Filter>
    </ClCompile>
    <ClCompile Include="..\..\shared-src\deps\spine-c-3.6\src\spine\Event.c">
      <Filter>Source File\deps\spine-c-3.6</Filter>
    </ClCompile>
    <ClCompile Include="..\..\shared-src\deps\spine-c-3.6\src\spine\EventData.c">
      <Filter>Source File\deps\spine-c-3.6</Filter>
    </ClCompile>
    <ClCompile Include="..\..\shared-src\deps\spine-c-3.6\src\spine\extension.c">
      <Filter>Source File\deps\spine-c-3.6</Filter>
    </ClCompile>
    <ClCompile Include="..\..\shared-src\deps\spine-c-3.6\src\spine\IkConstraint.c">
      <Filter>Source File\deps\spine-c-3.6</Filter>
    </ClCompile>
    <ClCompile Include="..\..\shared-src\deps\spine-c-3.6\src\spine\IkConstraintData.c">
      <Filter>Source File\deps\spine-c-3.6</Filter>
    </ClCompile>
    <ClCompile Include="..\..\shared-src\deps\spine-c-3.6\src\spine\Json.c">
      <Filter>Source File\deps\spine-c-3.6</Filter>
    </ClCompile>
    <ClCompile Include="..\..\shared-src\deps\spine-c-3.6\src\spine\MeshAttachment.c">
      <Filter>Source File\deps\spine-c-3.6</Filter>
    </ClCompile>
    <ClCompile Include="..\..\shared-src\deps\spine-c-3.6\src\spine\PathAttachment.c">
      <Filter>Source File\deps\spine-c-3.6</Filter>
    </ClCompile>
    <ClCompile Include="..\..\shared-src\deps\spine-c-3.6\src\spine\PathConstraint.c">
      <Filter>Source File\deps\spine-c-3.6</Filter>
    </ClCompile>
    <ClCompile Include="..\..\shared-src\deps\spine-c-3.6\src\spine\PathConstraintData.c">
      <Filter>Source File\deps\spine-c-3.6</Filter>
    </ClCompile>
    <ClCompile Include="..\..\shared-src\deps\spine-c-3.6\src\spine\PointAttachment.c">
      <Filter>Source File\deps\spine-c-3.6</Filter>
    </ClCompile>
    <ClCompile Include="..\..\shared-src\deps\spine-c-3.6\src\spine\RegionAttachment.c">
      <Filter>Source File\deps\spine-c-3.6</Filter>
    </ClCompile>
    <ClCompile Include="..\..\shared-src\deps\spine-c-3.6\src\spine\Skeleton.c">
      <Filter>Source File\deps\spine-c-3.6</Filter>
    </ClCompile>
    <ClCompile Include="..\..\shared-src\deps\spine-c-3.6\src\spine\SkeletonBinary.c">
      <Filter>Source File\deps\spine-c-3.6</Filter>
    </ClCompile>
    <ClCompile Include="..\..\shared-src\deps\spine-c-3.6\src\spine\SkeletonBounds.c">
      <Filter>Source File\deps\spine-c-3.6</Filter>
    </ClCompile>
    <ClCompile Include="..\..\shared-src\deps\spine-c-3.6\src\spine\SkeletonClipping.c">
      <Filter>Source File\deps\spine-c-3.6</Filter>
    </ClCompile>
    <ClCompile Include="..\..\shared-src\deps\spine-c-3.6\src\spine\SkeletonData.c">
      <Filter>Source File\deps\spine-c-3.6</Filter>
    </ClCompile>
    <ClCompile Include="..\..\shared-src\deps\spine-c-3.6\src\spine\SkeletonJson.c">
      <Filter>Source File\deps\spine-c-3.6</Filter>
    </ClCompile>
    <ClCompile Include="..\..\shared-src\deps\spine-c-3.6\src\spine\Skin.c">
      <Filter>Source File\deps\spine-c-3.6</Filter>
    </ClCompile>
    <ClCompile Include="..\..\shared-src\deps\spine-c-3.6\src\spine\Slot.c">
      <Filter>Source File\deps\spine-c-3.6</Filter>
    </ClCompile>
    <ClCompile Include="..\..\shared-src\deps\spine-c-3.6\src\spine\SlotData.c">
      <Filter>Source File\deps\spine-c-3.6</Filter>
    </ClCompile>
    <ClCompile Include="..\..\shared-src\deps\spine-c-3.6\src\spine\TransformConstraint.c">
      <Filter>Source File\deps\spine-c-3.6</Filter>
    </ClCompile>
    <ClCompile Include="..\..\shared-src\deps\spine-c-3.6\src\spine\TransformConstraintData.c">
      <Filter>Source File\deps\spine-c-3.6</Filter>
    </ClCompile>
    <ClCompile Include="..\..\shared-src\deps\spine-c-3.6\src\spine\Triangulator.c">
      <Filter>Source File\deps\spine-c-3.6</Filter>
    </ClCompile>
    <ClCompile Include="..\..\shared-src\deps\spine-c-3.6\src\spine\VertexAttachment.c">
      <Filter>Source File\deps\spine-c-3.6</Filter>
    </ClCompile>
    <ClCompile Include="..\..\shared-src\deps\spine-c-3.6\src\spine\VertexEffect.c">
      <Filter>Source File\deps\spine-c-3.6</Filter>
    </ClCompile>
    <ClCompile Include="..\..\shared-src\native-ui\window_menu.cpp">
      <Filter>Source File\shared\native-ui</Filter>
    </ClCompile>
  </ItemGroup>
  <ItemGroup>
    <Manifest Include="..\dpiAwareness.manifest">
      <Filter>Resource File</Filter>
    </Manifest>
  </ItemGroup>
</Project>